// !$*UTF8*$!
{
	archiveVersion = 1;
	classes = {
	};
	objectVersion = 46;
	objects = {

/* Begin PBXBuildFile section */
		E70380381E6DE54F00803F5E /* AppDelegate.swift in Sources */ = {isa = PBXBuildFile; fileRef = E70380371E6DE54F00803F5E /* AppDelegate.swift */; };
		E703803D1E6DE54F00803F5E /* Main.storyboard in Resources */ = {isa = PBXBuildFile; fileRef = E703803B1E6DE54F00803F5E /* Main.storyboard */; };
		E70380401E6DE54F00803F5E /* TipCalculator.xcdatamodeld in Sources */ = {isa = PBXBuildFile; fileRef = E703803E1E6DE54F00803F5E /* TipCalculator.xcdatamodeld */; };
		E70380421E6DE54F00803F5E /* Assets.xcassets in Resources */ = {isa = PBXBuildFile; fileRef = E70380411E6DE54F00803F5E /* Assets.xcassets */; };
		E70380451E6DE54F00803F5E /* LaunchScreen.storyboard in Resources */ = {isa = PBXBuildFile; fileRef = E70380431E6DE54F00803F5E /* LaunchScreen.storyboard */; };
		E70380501E6DE54F00803F5E /* TipCalculatorTests.swift in Sources */ = {isa = PBXBuildFile; fileRef = E703804F1E6DE54F00803F5E /* TipCalculatorTests.swift */; };
		E703805B1E6DE54F00803F5E /* TipCalculatorUITests.swift in Sources */ = {isa = PBXBuildFile; fileRef = E703805A1E6DE54F00803F5E /* TipCalculatorUITests.swift */; };
		E70380691E6DEB9E00803F5E /* TCMainViewController.swift in Sources */ = {isa = PBXBuildFile; fileRef = E70380681E6DEB9E00803F5E /* TCMainViewController.swift */; };
		E703806B1E6E11B000803F5E /* TCSettingsViewController.swift in Sources */ = {isa = PBXBuildFile; fileRef = E703806A1E6E11B000803F5E /* TCSettingsViewController.swift */; };
		E703806F1E6E1C8D00803F5E /* TCCustomTipTableViewController.swift in Sources */ = {isa = PBXBuildFile; fileRef = E703806E1E6E1C8D00803F5E /* TCCustomTipTableViewController.swift */; };
/* End PBXBuildFile section */

/* Begin PBXContainerItemProxy section */
		E703804C1E6DE54F00803F5E /* PBXContainerItemProxy */ = {
			isa = PBXContainerItemProxy;
			containerPortal = E703802C1E6DE54F00803F5E /* Project object */;
			proxyType = 1;
			remoteGlobalIDString = E70380331E6DE54F00803F5E;
			remoteInfo = TipCalculator;
		};
		E70380571E6DE54F00803F5E /* PBXContainerItemProxy */ = {
			isa = PBXContainerItemProxy;
			containerPortal = E703802C1E6DE54F00803F5E /* Project object */;
			proxyType = 1;
			remoteGlobalIDString = E70380331E6DE54F00803F5E;
			remoteInfo = TipCalculator;
		};
/* End PBXContainerItemProxy section */

/* Begin PBXFileReference section */
		E70380341E6DE54F00803F5E /* TipCalculator.app */ = {isa = PBXFileReference; explicitFileType = wrapper.application; includeInIndex = 0; path = TipCalculator.app; sourceTree = BUILT_PRODUCTS_DIR; };
		E70380371E6DE54F00803F5E /* AppDelegate.swift */ = {isa = PBXFileReference; lastKnownFileType = sourcecode.swift; path = AppDelegate.swift; sourceTree = "<group>"; };
		E703803C1E6DE54F00803F5E /* Base */ = {isa = PBXFileReference; lastKnownFileType = file.storyboard; name = Base; path = Base.lproj/Main.storyboard; sourceTree = "<group>"; };
		E703803F1E6DE54F00803F5E /* TipCalculator.xcdatamodel */ = {isa = PBXFileReference; lastKnownFileType = wrapper.xcdatamodel; path = TipCalculator.xcdatamodel; sourceTree = "<group>"; };
		E70380411E6DE54F00803F5E /* Assets.xcassets */ = {isa = PBXFileReference; lastKnownFileType = folder.assetcatalog; path = Assets.xcassets; sourceTree = "<group>"; };
		E70380441E6DE54F00803F5E /* Base */ = {isa = PBXFileReference; lastKnownFileType = file.storyboard; name = Base; path = Base.lproj/LaunchScreen.storyboard; sourceTree = "<group>"; };
		E70380461E6DE54F00803F5E /* Info.plist */ = {isa = PBXFileReference; lastKnownFileType = text.plist.xml; path = Info.plist; sourceTree = "<group>"; };
		E703804B1E6DE54F00803F5E /* TipCalculatorTests.xctest */ = {isa = PBXFileReference; explicitFileType = wrapper.cfbundle; includeInIndex = 0; path = TipCalculatorTests.xctest; sourceTree = BUILT_PRODUCTS_DIR; };
		E703804F1E6DE54F00803F5E /* TipCalculatorTests.swift */ = {isa = PBXFileReference; lastKnownFileType = sourcecode.swift; path = TipCalculatorTests.swift; sourceTree = "<group>"; };
		E70380511E6DE54F00803F5E /* Info.plist */ = {isa = PBXFileReference; lastKnownFileType = text.plist.xml; path = Info.plist; sourceTree = "<group>"; };
		E70380561E6DE54F00803F5E /* TipCalculatorUITests.xctest */ = {isa = PBXFileReference; explicitFileType = wrapper.cfbundle; includeInIndex = 0; path = TipCalculatorUITests.xctest; sourceTree = BUILT_PRODUCTS_DIR; };
		E703805A1E6DE54F00803F5E /* TipCalculatorUITests.swift */ = {isa = PBXFileReference; lastKnownFileType = sourcecode.swift; path = TipCalculatorUITests.swift; sourceTree = "<group>"; };
		E703805C1E6DE54F00803F5E /* Info.plist */ = {isa = PBXFileReference; lastKnownFileType = text.plist.xml; path = Info.plist; sourceTree = "<group>"; };
		E70380681E6DEB9E00803F5E /* TCMainViewController.swift */ = {isa = PBXFileReference; fileEncoding = 4; lastKnownFileType = sourcecode.swift; path = TCMainViewController.swift; sourceTree = "<group>"; };
		E703806A1E6E11B000803F5E /* TCSettingsViewController.swift */ = {isa = PBXFileReference; fileEncoding = 4; lastKnownFileType = sourcecode.swift; path = TCSettingsViewController.swift; sourceTree = "<group>"; };
		E703806E1E6E1C8D00803F5E /* TCCustomTipTableViewController.swift */ = {isa = PBXFileReference; fileEncoding = 4; lastKnownFileType = sourcecode.swift; path = TCCustomTipTableViewController.swift; sourceTree = "<group>"; };
/* End PBXFileReference section */

/* Begin PBXFrameworksBuildPhase section */
		E70380311E6DE54F00803F5E /* Frameworks */ = {
			isa = PBXFrameworksBuildPhase;
			buildActionMask = 2147483647;
			files = (
			);
			runOnlyForDeploymentPostprocessing = 0;
		};
		E70380481E6DE54F00803F5E /* Frameworks */ = {
			isa = PBXFrameworksBuildPhase;
			buildActionMask = 2147483647;
			files = (
			);
			runOnlyForDeploymentPostprocessing = 0;
		};
		E70380531E6DE54F00803F5E /* Frameworks */ = {
			isa = PBXFrameworksBuildPhase;
			buildActionMask = 2147483647;
			files = (
			);
			runOnlyForDeploymentPostprocessing = 0;
		};
/* End PBXFrameworksBuildPhase section */

/* Begin PBXGroup section */
		E703802B1E6DE54F00803F5E = {
			isa = PBXGroup;
			children = (
				E70380361E6DE54F00803F5E /* TipCalculator */,
				E703804E1E6DE54F00803F5E /* TipCalculatorTests */,
				E70380591E6DE54F00803F5E /* TipCalculatorUITests */,
				E70380351E6DE54F00803F5E /* Products */,
			);
			sourceTree = "<group>";
		};
		E70380351E6DE54F00803F5E /* Products */ = {
			isa = PBXGroup;
			children = (
				E70380341E6DE54F00803F5E /* TipCalculator.app */,
				E703804B1E6DE54F00803F5E /* TipCalculatorTests.xctest */,
				E70380561E6DE54F00803F5E /* TipCalculatorUITests.xctest */,
			);
			name = Products;
			sourceTree = "<group>";
		};
		E70380361E6DE54F00803F5E /* TipCalculator */ = {
			isa = PBXGroup;
			children = (
				E70380371E6DE54F00803F5E /* AppDelegate.swift */,
				E703803B1E6DE54F00803F5E /* Main.storyboard */,
				E70380411E6DE54F00803F5E /* Assets.xcassets */,
				E70380431E6DE54F00803F5E /* LaunchScreen.storyboard */,
				E70380461E6DE54F00803F5E /* Info.plist */,
				E703803E1E6DE54F00803F5E /* TipCalculator.xcdatamodeld */,
				E70380681E6DEB9E00803F5E /* TCMainViewController.swift */,
				E703806A1E6E11B000803F5E /* TCSettingsViewController.swift */,
				E703806E1E6E1C8D00803F5E /* TCCustomTipTableViewController.swift */,
			);
			path = TipCalculator;
			sourceTree = "<group>";
		};
		E703804E1E6DE54F00803F5E /* TipCalculatorTests */ = {
			isa = PBXGroup;
			children = (
				E703804F1E6DE54F00803F5E /* TipCalculatorTests.swift */,
				E70380511E6DE54F00803F5E /* Info.plist */,
			);
			path = TipCalculatorTests;
			sourceTree = "<group>";
		};
		E70380591E6DE54F00803F5E /* TipCalculatorUITests */ = {
			isa = PBXGroup;
			children = (
				E703805A1E6DE54F00803F5E /* TipCalculatorUITests.swift */,
				E703805C1E6DE54F00803F5E /* Info.plist */,
			);
			path = TipCalculatorUITests;
			sourceTree = "<group>";
		};
/* End PBXGroup section */

/* Begin PBXNativeTarget section */
		E70380331E6DE54F00803F5E /* TipCalculator */ = {
			isa = PBXNativeTarget;
			buildConfigurationList = E703805F1E6DE54F00803F5E /* Build configuration list for PBXNativeTarget "TipCalculator" */;
			buildPhases = (
				E70380301E6DE54F00803F5E /* Sources */,
				E70380311E6DE54F00803F5E /* Frameworks */,
				E70380321E6DE54F00803F5E /* Resources */,
			);
			buildRules = (
			);
			dependencies = (
			);
			name = TipCalculator;
			productName = TipCalculator;
			productReference = E70380341E6DE54F00803F5E /* TipCalculator.app */;
			productType = "com.apple.product-type.application";
		};
		E703804A1E6DE54F00803F5E /* TipCalculatorTests */ = {
			isa = PBXNativeTarget;
			buildConfigurationList = E70380621E6DE54F00803F5E /* Build configuration list for PBXNativeTarget "TipCalculatorTests" */;
			buildPhases = (
				E70380471E6DE54F00803F5E /* Sources */,
				E70380481E6DE54F00803F5E /* Frameworks */,
				E70380491E6DE54F00803F5E /* Resources */,
			);
			buildRules = (
			);
			dependencies = (
				E703804D1E6DE54F00803F5E /* PBXTargetDependency */,
			);
			name = TipCalculatorTests;
			productName = TipCalculatorTests;
			productReference = E703804B1E6DE54F00803F5E /* TipCalculatorTests.xctest */;
			productType = "com.apple.product-type.bundle.unit-test";
		};
		E70380551E6DE54F00803F5E /* TipCalculatorUITests */ = {
			isa = PBXNativeTarget;
			buildConfigurationList = E70380651E6DE54F00803F5E /* Build configuration list for PBXNativeTarget "TipCalculatorUITests" */;
			buildPhases = (
				E70380521E6DE54F00803F5E /* Sources */,
				E70380531E6DE54F00803F5E /* Frameworks */,
				E70380541E6DE54F00803F5E /* Resources */,
			);
			buildRules = (
			);
			dependencies = (
				E70380581E6DE54F00803F5E /* PBXTargetDependency */,
			);
			name = TipCalculatorUITests;
			productName = TipCalculatorUITests;
			productReference = E70380561E6DE54F00803F5E /* TipCalculatorUITests.xctest */;
			productType = "com.apple.product-type.bundle.ui-testing";
		};
/* End PBXNativeTarget section */

/* Begin PBXProject section */
		E703802C1E6DE54F00803F5E /* Project object */ = {
			isa = PBXProject;
			attributes = {
				LastSwiftUpdateCheck = 0820;
				LastUpgradeCheck = 0820;
				ORGANIZATIONNAME = "Gauri Tikekar";
				TargetAttributes = {
					E70380331E6DE54F00803F5E = {
						CreatedOnToolsVersion = 8.2.1;
						DevelopmentTeam = GQAPG2Q6U6;
						ProvisioningStyle = Automatic;
					};
					E703804A1E6DE54F00803F5E = {
						CreatedOnToolsVersion = 8.2.1;
						DevelopmentTeam = GQAPG2Q6U6;
						ProvisioningStyle = Automatic;
						TestTargetID = E70380331E6DE54F00803F5E;
					};
					E70380551E6DE54F00803F5E = {
						CreatedOnToolsVersion = 8.2.1;
						DevelopmentTeam = GQAPG2Q6U6;
						ProvisioningStyle = Automatic;
						TestTargetID = E70380331E6DE54F00803F5E;
					};
				};
			};
			buildConfigurationList = E703802F1E6DE54F00803F5E /* Build configuration list for PBXProject "TipCalculator" */;
			compatibilityVersion = "Xcode 3.2";
			developmentRegion = English;
			hasScannedForEncodings = 0;
			knownRegions = (
				en,
				Base,
			);
			mainGroup = E703802B1E6DE54F00803F5E;
			productRefGroup = E70380351E6DE54F00803F5E /* Products */;
			projectDirPath = "";
			projectRoot = "";
			targets = (
				E70380331E6DE54F00803F5E /* TipCalculator */,
				E703804A1E6DE54F00803F5E /* TipCalculatorTests */,
				E70380551E6DE54F00803F5E /* TipCalculatorUITests */,
			);
		};
/* End PBXProject section */

/* Begin PBXResourcesBuildPhase section */
		E70380321E6DE54F00803F5E /* Resources */ = {
			isa = PBXResourcesBuildPhase;
			buildActionMask = 2147483647;
			files = (
				E70380451E6DE54F00803F5E /* LaunchScreen.storyboard in Resources */,
				E70380421E6DE54F00803F5E /* Assets.xcassets in Resources */,
				E703803D1E6DE54F00803F5E /* Main.storyboard in Resources */,
			);
			runOnlyForDeploymentPostprocessing = 0;
		};
		E70380491E6DE54F00803F5E /* Resources */ = {
			isa = PBXResourcesBuildPhase;
			buildActionMask = 2147483647;
			files = (
			);
			runOnlyForDeploymentPostprocessing = 0;
		};
		E70380541E6DE54F00803F5E /* Resources */ = {
			isa = PBXResourcesBuildPhase;
			buildActionMask = 2147483647;
			files = (
			);
			runOnlyForDeploymentPostprocessing = 0;
		};
/* End PBXResourcesBuildPhase section */

/* Begin PBXSourcesBuildPhase section */
		E70380301E6DE54F00803F5E /* Sources */ = {
			isa = PBXSourcesBuildPhase;
			buildActionMask = 2147483647;
			files = (
				E703806B1E6E11B000803F5E /* TCSettingsViewController.swift in Sources */,
				E70380401E6DE54F00803F5E /* TipCalculator.xcdatamodeld in Sources */,
				E70380691E6DEB9E00803F5E /* TCMainViewController.swift in Sources */,
				E703806F1E6E1C8D00803F5E /* TCCustomTipTableViewController.swift in Sources */,
				E70380381E6DE54F00803F5E /* AppDelegate.swift in Sources */,
			);
			runOnlyForDeploymentPostprocessing = 0;
		};
		E70380471E6DE54F00803F5E /* Sources */ = {
			isa = PBXSourcesBuildPhase;
			buildActionMask = 2147483647;
			files = (
				E70380501E6DE54F00803F5E /* TipCalculatorTests.swift in Sources */,
			);
			runOnlyForDeploymentPostprocessing = 0;
		};
		E70380521E6DE54F00803F5E /* Sources */ = {
			isa = PBXSourcesBuildPhase;
			buildActionMask = 2147483647;
			files = (
				E703805B1E6DE54F00803F5E /* TipCalculatorUITests.swift in Sources */,
			);
			runOnlyForDeploymentPostprocessing = 0;
		};
/* End PBXSourcesBuildPhase section */

/* Begin PBXTargetDependency section */
		E703804D1E6DE54F00803F5E /* PBXTargetDependency */ = {
			isa = PBXTargetDependency;
			target = E70380331E6DE54F00803F5E /* TipCalculator */;
			targetProxy = E703804C1E6DE54F00803F5E /* PBXContainerItemProxy */;
		};
		E70380581E6DE54F00803F5E /* PBXTargetDependency */ = {
			isa = PBXTargetDependency;
			target = E70380331E6DE54F00803F5E /* TipCalculator */;
			targetProxy = E70380571E6DE54F00803F5E /* PBXContainerItemProxy */;
		};
/* End PBXTargetDependency section */

/* Begin PBXVariantGroup section */
		E703803B1E6DE54F00803F5E /* Main.storyboard */ = {
			isa = PBXVariantGroup;
			children = (
				E703803C1E6DE54F00803F5E /* Base */,
			);
			name = Main.storyboard;
			sourceTree = "<group>";
		};
		E70380431E6DE54F00803F5E /* LaunchScreen.storyboard */ = {
			isa = PBXVariantGroup;
			children = (
				E70380441E6DE54F00803F5E /* Base */,
			);
			name = LaunchScreen.storyboard;
			sourceTree = "<group>";
		};
/* End PBXVariantGroup section */

/* Begin XCBuildConfiguration section */
		E703805D1E6DE54F00803F5E /* Debug */ = {
			isa = XCBuildConfiguration;
			buildSettings = {
				ALWAYS_SEARCH_USER_PATHS = NO;
				CLANG_ANALYZER_NONNULL = YES;
				CLANG_CXX_LANGUAGE_STANDARD = "gnu++0x";
				CLANG_CXX_LIBRARY = "libc++";
				CLANG_ENABLE_MODULES = YES;
				CLANG_ENABLE_OBJC_ARC = YES;
				CLANG_WARN_BOOL_CONVERSION = YES;
				CLANG_WARN_CONSTANT_CONVERSION = YES;
				CLANG_WARN_DIRECT_OBJC_ISA_USAGE = YES_ERROR;
				CLANG_WARN_DOCUMENTATION_COMMENTS = YES;
				CLANG_WARN_EMPTY_BODY = YES;
				CLANG_WARN_ENUM_CONVERSION = YES;
				CLANG_WARN_INFINITE_RECURSION = YES;
				CLANG_WARN_INT_CONVERSION = YES;
				CLANG_WARN_OBJC_ROOT_CLASS = YES_ERROR;
				CLANG_WARN_SUSPICIOUS_MOVE = YES;
				CLANG_WARN_UNREACHABLE_CODE = YES;
				CLANG_WARN__DUPLICATE_METHOD_MATCH = YES;
				"CODE_SIGN_IDENTITY[sdk=iphoneos*]" = "iPhone Developer";
				COPY_PHASE_STRIP = NO;
				DEBUG_INFORMATION_FORMAT = dwarf;
				ENABLE_STRICT_OBJC_MSGSEND = YES;
				ENABLE_TESTABILITY = YES;
				GCC_C_LANGUAGE_STANDARD = gnu99;
				GCC_DYNAMIC_NO_PIC = NO;
				GCC_NO_COMMON_BLOCKS = YES;
				GCC_OPTIMIZATION_LEVEL = 0;
				GCC_PREPROCESSOR_DEFINITIONS = (
					"DEBUG=1",
					"$(inherited)",
				);
				GCC_WARN_64_TO_32_BIT_CONVERSION = YES;
				GCC_WARN_ABOUT_RETURN_TYPE = YES_ERROR;
				GCC_WARN_UNDECLARED_SELECTOR = YES;
				GCC_WARN_UNINITIALIZED_AUTOS = YES_AGGRESSIVE;
				GCC_WARN_UNUSED_FUNCTION = YES;
				GCC_WARN_UNUSED_VARIABLE = YES;
				IPHONEOS_DEPLOYMENT_TARGET = 10.2;
				MTL_ENABLE_DEBUG_INFO = YES;
				ONLY_ACTIVE_ARCH = YES;
				SDKROOT = iphoneos;
				SWIFT_ACTIVE_COMPILATION_CONDITIONS = DEBUG;
				SWIFT_OPTIMIZATION_LEVEL = "-Onone";
				TARGETED_DEVICE_FAMILY = "1,2";
			};
			name = Debug;
		};
		E703805E1E6DE54F00803F5E /* Release */ = {
			isa = XCBuildConfiguration;
			buildSettings = {
				ALWAYS_SEARCH_USER_PATHS = NO;
				CLANG_ANALYZER_NONNULL = YES;
				CLANG_CXX_LANGUAGE_STANDARD = "gnu++0x";
				CLANG_CXX_LIBRARY = "libc++";
				CLANG_ENABLE_MODULES = YES;
				CLANG_ENABLE_OBJC_ARC = YES;
				CLANG_WARN_BOOL_CONVERSION = YES;
				CLANG_WARN_CONSTANT_CONVERSION = YES;
				CLANG_WARN_DIRECT_OBJC_ISA_USAGE = YES_ERROR;
				CLANG_WARN_DOCUMENTATION_COMMENTS = YES;
				CLANG_WARN_EMPTY_BODY = YES;
				CLANG_WARN_ENUM_CONVERSION = YES;
				CLANG_WARN_INFINITE_RECURSION = YES;
				CLANG_WARN_INT_CONVERSION = YES;
				CLANG_WARN_OBJC_ROOT_CLASS = YES_ERROR;
				CLANG_WARN_SUSPICIOUS_MOVE = YES;
				CLANG_WARN_UNREACHABLE_CODE = YES;
				CLANG_WARN__DUPLICATE_METHOD_MATCH = YES;
				"CODE_SIGN_IDENTITY[sdk=iphoneos*]" = "iPhone Developer";
				COPY_PHASE_STRIP = NO;
				DEBUG_INFORMATION_FORMAT = "dwarf-with-dsym";
				ENABLE_NS_ASSERTIONS = NO;
				ENABLE_STRICT_OBJC_MSGSEND = YES;
				GCC_C_LANGUAGE_STANDARD = gnu99;
				GCC_NO_COMMON_BLOCKS = YES;
				GCC_WARN_64_TO_32_BIT_CONVERSION = YES;
				GCC_WARN_ABOUT_RETURN_TYPE = YES_ERROR;
				GCC_WARN_UNDECLARED_SELECTOR = YES;
				GCC_WARN_UNINITIALIZED_AUTOS = YES_AGGRESSIVE;
				GCC_WARN_UNUSED_FUNCTION = YES;
				GCC_WARN_UNUSED_VARIABLE = YES;
				IPHONEOS_DEPLOYMENT_TARGET = 10.2;
				MTL_ENABLE_DEBUG_INFO = NO;
				SDKROOT = iphoneos;
				SWIFT_OPTIMIZATION_LEVEL = "-Owholemodule";
				TARGETED_DEVICE_FAMILY = "1,2";
				VALIDATE_PRODUCT = YES;
			};
			name = Release;
		};
		E70380601E6DE54F00803F5E /* Debug */ = {
			isa = XCBuildConfiguration;
			buildSettings = {
				ASSETCATALOG_COMPILER_APPICON_NAME = AppIcon;
				DEVELOPMENT_TEAM = GQAPG2Q6U6;
				INFOPLIST_FILE = TipCalculator/Info.plist;
				LD_RUNPATH_SEARCH_PATHS = "$(inherited) @executable_path/Frameworks";
				PRODUCT_BUNDLE_IDENTIFIER = com.teddytab.TipCalculator;
				PRODUCT_NAME = "$(TARGET_NAME)";
				SWIFT_VERSION = 3.0;
			};
			name = Debug;
		};
		E70380611E6DE54F00803F5E /* Release */ = {
			isa = XCBuildConfiguration;
			buildSettings = {
				ASSETCATALOG_COMPILER_APPICON_NAME = AppIcon;
				DEVELOPMENT_TEAM = GQAPG2Q6U6;
				INFOPLIST_FILE = TipCalculator/Info.plist;
				LD_RUNPATH_SEARCH_PATHS = "$(inherited) @executable_path/Frameworks";
				PRODUCT_BUNDLE_IDENTIFIER = com.teddytab.TipCalculator;
				PRODUCT_NAME = "$(TARGET_NAME)";
				SWIFT_VERSION = 3.0;
			};
			name = Release;
		};
		E70380631E6DE54F00803F5E /* Debug */ = {
			isa = XCBuildConfiguration;
			buildSettings = {
				ALWAYS_EMBED_SWIFT_STANDARD_LIBRARIES = YES;
				BUNDLE_LOADER = "$(TEST_HOST)";
				DEVELOPMENT_TEAM = GQAPG2Q6U6;
				INFOPLIST_FILE = TipCalculatorTests/Info.plist;
				LD_RUNPATH_SEARCH_PATHS = "$(inherited) @executable_path/Frameworks @loader_path/Frameworks";
				PRODUCT_BUNDLE_IDENTIFIER = com.teddytab.TipCalculatorTests;
				PRODUCT_NAME = "$(TARGET_NAME)";
				SWIFT_VERSION = 3.0;
				TEST_HOST = "$(BUILT_PRODUCTS_DIR)/TipCalculator.app/TipCalculator";
			};
			name = Debug;
		};
		E70380641E6DE54F00803F5E /* Release */ = {
			isa = XCBuildConfiguration;
			buildSettings = {
				ALWAYS_EMBED_SWIFT_STANDARD_LIBRARIES = YES;
				BUNDLE_LOADER = "$(TEST_HOST)";
				DEVELOPMENT_TEAM = GQAPG2Q6U6;
				INFOPLIST_FILE = TipCalculatorTests/Info.plist;
				LD_RUNPATH_SEARCH_PATHS = "$(inherited) @executable_path/Frameworks @loader_path/Frameworks";
				PRODUCT_BUNDLE_IDENTIFIER = com.teddytab.TipCalculatorTests;
				PRODUCT_NAME = "$(TARGET_NAME)";
				SWIFT_VERSION = 3.0;
				TEST_HOST = "$(BUILT_PRODUCTS_DIR)/TipCalculator.app/TipCalculator";
			};
			name = Release;
		};
		E70380661E6DE54F00803F5E /* Debug */ = {
			isa = XCBuildConfiguration;
			buildSettings = {
				ALWAYS_EMBED_SWIFT_STANDARD_LIBRARIES = YES;
				DEVELOPMENT_TEAM = GQAPG2Q6U6;
				INFOPLIST_FILE = TipCalculatorUITests/Info.plist;
				LD_RUNPATH_SEARCH_PATHS = "$(inherited) @executable_path/Frameworks @loader_path/Frameworks";
				PRODUCT_BUNDLE_IDENTIFIER = com.teddytab.TipCalculatorUITests;
				PRODUCT_NAME = "$(TARGET_NAME)";
				SWIFT_VERSION = 3.0;
				TEST_TARGET_NAME = TipCalculator;
			};
			name = Debug;
		};
		E70380671E6DE54F00803F5E /* Release */ = {
			isa = XCBuildConfiguration;
			buildSettings = {
				ALWAYS_EMBED_SWIFT_STANDARD_LIBRARIES = YES;
				DEVELOPMENT_TEAM = GQAPG2Q6U6;
				INFOPLIST_FILE = TipCalculatorUITests/Info.plist;
				LD_RUNPATH_SEARCH_PATHS = "$(inherited) @executable_path/Frameworks @loader_path/Frameworks";
				PRODUCT_BUNDLE_IDENTIFIER = com.teddytab.TipCalculatorUITests;
				PRODUCT_NAME = "$(TARGET_NAME)";
				SWIFT_VERSION = 3.0;
				TEST_TARGET_NAME = TipCalculator;
			};
			name = Release;
		};
/* End XCBuildConfiguration section */

/* Begin XCConfigurationList section */
		E703802F1E6DE54F00803F5E /* Build configuration list for PBXProject "TipCalculator" */ = {
			isa = XCConfigurationList;
			buildConfigurations = (
				E703805D1E6DE54F00803F5E /* Debug */,
				E703805E1E6DE54F00803F5E /* Release */,
			);
			defaultConfigurationIsVisible = 0;
			defaultConfigurationName = Release;
		};
		E703805F1E6DE54F00803F5E /* Build configuration list for PBXNativeTarget "TipCalculator" */ = {
			isa = XCConfigurationList;
			buildConfigurations = (
				E70380601E6DE54F00803F5E /* Debug */,
				E70380611E6DE54F00803F5E /* Release */,
			);
			defaultConfigurationIsVisible = 0;
		};
		E70380621E6DE54F00803F5E /* Build configuration list for PBXNativeTarget "TipCalculatorTests" */ = {
			isa = XCConfigurationList;
			buildConfigurations = (
				E70380631E6DE54F00803F5E /* Debug */,
				E70380641E6DE54F00803F5E /* Release */,
			);
			defaultConfigurationIsVisible = 0;
		};
		E70380651E6DE54F00803F5E /* Build configuration list for PBXNativeTarget "TipCalculatorUITests" */ = {
			isa = XCConfigurationList;
			buildConfigurations = (
				E70380661E6DE54F00803F5E /* Debug */,
				E70380671E6DE54F00803F5E /* Release */,
			);
			defaultConfigurationIsVisible = 0;
		};
/* End XCConfigurationList section */

/* Begin XCVersionGroup section */
		E703803E1E6DE54F00803F5E /* TipCalculator.xcdatamodeld */ = {
			isa = XCVersionGroup;
			children = (
				E703803F1E6DE54F00803F5E /* TipCalculator.xcdatamodel */,
			);
			currentVersion = E703803F1E6DE54F00803F5E /* TipCalculator.xcdatamodel */;
			path = TipCalculator.xcdatamodeld;
			sourceTree = "<group>";
			versionGroupType = wrapper.xcdatamodel;
		};
/* End XCVersionGroup section */
	};
	rootObject = E703802C1E6DE54F00803F5E /* Project object */;
}
